
Microsoft Visual Studio Solution File, Format Version 12.00
# Visual Studio Version 17
VisualStudioVersion = 17.10.34607.79
MinimumVisualStudioVersion = 10.0.40219.1
Project("{FAE04EC0-301F-11D3-BF4B-00C04F79EFBC}") = "ConsoleAppLinqCountBy", "ConsoleAppLinqCountBy.csproj", "{0BACCC57-0443-46F1-919E-5A7E370B7530}"
EndProject
Global
	GlobalSection(SolutionConfigurationPlatforms) = preSolution
		Debug|Any CPU = Debug|Any CPU
		Release|Any CPU = Release|Any CPU
	EndGlobalSection
	GlobalSection(ProjectConfigurationPlatforms) = postSolution
		{0BACCC57-0443-46F1-919E-5A7E370B7530}.Debug|Any CPU.ActiveCfg = Debug|Any CPU
		{0BACCC57-0443-46F1-919E-5A7E370B7530}.Debug|Any CPU.Build.0 = Debug|Any CPU
		{0BACCC57-0443-46F1-919E-5A7E370B7530}.Release|Any CPU.ActiveCfg = Release|Any CPU
		{0BACCC57-0443-46F1-919E-5A7E370B7530}.Release|Any CPU.Build.0 = Release|Any CPU
	EndGlobalSection
	GlobalSection(SolutionProperties) = preSolution
		HideSolutionNode = FALSE
	EndGlobalSection
	GlobalSection(ExtensibilityGlobals) = postSolution
		SolutionGuid = {4FF1BD7B-CFD1-431D-9890-4843AB45D2F7}
	EndGlobalSection
EndGlobal
