
Microsoft Visual Studio Solution File, Format Version 12.00
# Visual Studio Version 17
VisualStudioVersion = 17.10.34902.84
MinimumVisualStudioVersion = 10.0.40219.1
Project("{FAE04EC0-301F-11D3-BF4B-00C04F79EFBC}") = "ConsoleAppParams", "ConsoleAppParams.csproj", "{A59E8A77-18F8-416A-BCF4-30E283E8DA13}"
EndProject
Global
	GlobalSection(SolutionConfigurationPlatforms) = preSolution
		Debug|Any CPU = Debug|Any CPU
		Release|Any CPU = Release|Any CPU
	EndGlobalSection
	GlobalSection(ProjectConfigurationPlatforms) = postSolution
		{A59E8A77-18F8-416A-BCF4-30E283E8DA13}.Debug|Any CPU.ActiveCfg = Debug|Any CPU
		{A59E8A77-18F8-416A-BCF4-30E283E8DA13}.Debug|Any CPU.Build.0 = Debug|Any CPU
		{A59E8A77-18F8-416A-BCF4-30E283E8DA13}.Release|Any CPU.ActiveCfg = Release|Any CPU
		{A59E8A77-18F8-416A-BCF4-30E283E8DA13}.Release|Any CPU.Build.0 = Release|Any CPU
	EndGlobalSection
	GlobalSection(SolutionProperties) = preSolution
		HideSolutionNode = FALSE
	EndGlobalSection
	GlobalSection(ExtensibilityGlobals) = postSolution
		SolutionGuid = {6B799A62-6C34-4862-8C0F-F2E00C86A96B}
	EndGlobalSection
EndGlobal
