
Microsoft Visual Studio Solution File, Format Version 12.00
# Visual Studio Version 17
VisualStudioVersion = 17.10.34607.79
MinimumVisualStudioVersion = 10.0.40219.1
Project("{FAE04EC0-301F-11D3-BF4B-00C04F79EFBC}") = "ConsoleAppIndentationOptions", "ConsoleAppIndentationOptions.csproj", "{3682EFD7-EEF1-44B9-99D0-DB1CC4A2CD5D}"
EndProject
Global
	GlobalSection(SolutionConfigurationPlatforms) = preSolution
		Debug|Any CPU = Debug|Any CPU
		Release|Any CPU = Release|Any CPU
	EndGlobalSection
	GlobalSection(ProjectConfigurationPlatforms) = postSolution
		{3682EFD7-EEF1-44B9-99D0-DB1CC4A2CD5D}.Debug|Any CPU.ActiveCfg = Debug|Any CPU
		{3682EFD7-EEF1-44B9-99D0-DB1CC4A2CD5D}.Debug|Any CPU.Build.0 = Debug|Any CPU
		{3682EFD7-EEF1-44B9-99D0-DB1CC4A2CD5D}.Release|Any CPU.ActiveCfg = Release|Any CPU
		{3682EFD7-EEF1-44B9-99D0-DB1CC4A2CD5D}.Release|Any CPU.Build.0 = Release|Any CPU
	EndGlobalSection
	GlobalSection(SolutionProperties) = preSolution
		HideSolutionNode = FALSE
	EndGlobalSection
	GlobalSection(ExtensibilityGlobals) = postSolution
		SolutionGuid = {3A5E8D3E-CA39-4C60-A825-3B952EC17699}
	EndGlobalSection
EndGlobal
