
Microsoft Visual Studio Solution File, Format Version 12.00
# Visual Studio Version 17
VisualStudioVersion = 17.10.34607.79
MinimumVisualStudioVersion = 10.0.40219.1
Project("{9A19103F-16F7-4668-BE54-9A1E7A4F7556}") = "ConsoleAppHashData", "ConsoleAppHashData.csproj", "{3FCA9241-B5C6-4F8B-B265-B3F2F4B0FCF3}"
EndProject
Global
	GlobalSection(SolutionConfigurationPlatforms) = preSolution
		Debug|Any CPU = Debug|Any CPU
		Release|Any CPU = Release|Any CPU
	EndGlobalSection
	GlobalSection(ProjectConfigurationPlatforms) = postSolution
		{3FCA9241-B5C6-4F8B-B265-B3F2F4B0FCF3}.Debug|Any CPU.ActiveCfg = Debug|Any CPU
		{3FCA9241-B5C6-4F8B-B265-B3F2F4B0FCF3}.Debug|Any CPU.Build.0 = Debug|Any CPU
		{3FCA9241-B5C6-4F8B-B265-B3F2F4B0FCF3}.Release|Any CPU.ActiveCfg = Release|Any CPU
		{3FCA9241-B5C6-4F8B-B265-B3F2F4B0FCF3}.Release|Any CPU.Build.0 = Release|Any CPU
	EndGlobalSection
	GlobalSection(SolutionProperties) = preSolution
		HideSolutionNode = FALSE
	EndGlobalSection
	GlobalSection(ExtensibilityGlobals) = postSolution
		SolutionGuid = {12AE39C8-9100-4C46-A45B-97AA006DB48C}
	EndGlobalSection
EndGlobal
